
Microsoft Visual Studio Solution File, Format Version 12.00
# Visual Studio Version 16
VisualStudioVersion = 16.0.31129.286
MinimumVisualStudioVersion = 10.0.40219.1
Project("{FAE04EC0-301F-11D3-BF4B-00C04F79EFBC}") = "MVCDinerApp", "MVCDinerApp\MVCDinerApp.csproj", "{2744562E-FA3D-4527-8962-96FC9E280634}"
EndProject
Global
	GlobalSection(SolutionConfigurationPlatforms) = preSolution
		Debug|Any CPU = Debug|Any CPU
		Release|Any CPU = Release|Any CPU
	EndGlobalSection
	GlobalSection(ProjectConfigurationPlatforms) = postSolution
		{2744562E-FA3D-4527-8962-96FC9E280634}.Debug|Any CPU.ActiveCfg = Debug|Any CPU
		{2744562E-FA3D-4527-8962-96FC9E280634}.Debug|Any CPU.Build.0 = Debug|Any CPU
		{2744562E-FA3D-4527-8962-96FC9E280634}.Release|Any CPU.ActiveCfg = Release|Any CPU
		{2744562E-FA3D-4527-8962-96FC9E280634}.Release|Any CPU.Build.0 = Release|Any CPU
	EndGlobalSection
	GlobalSection(SolutionProperties) = preSolution
		HideSolutionNode = FALSE
	EndGlobalSection
	GlobalSection(ExtensibilityGlobals) = postSolution
		SolutionGuid = {05F7CD33-3856-4124-B1F0-6A9F6DFC46F2}
	EndGlobalSection
EndGlobal
